github.com/BurntSushi/toml v0.3.1 h1:WXkYYl6Yr3qBf1K79EBnL4mak0OimBfB0XUf9Vl28OQ=
github.com/BurntSushi/toml v0.3.1/go.mod h1:xHWCNGjB5oqiDr8zfno3MHue2Ht5sIBksp03qcyfWMU=
github.com/davecgh/go-spew v1.1.0 h1:ZDRjVQ15GmhC3fiQ8ni8+OwkZQO4DARzQgrnXU1Liz8=
github.com/davecgh/go-spew v1.1.0/go.mod h1:J7Y8YcW2NihsgmVo/mv3lAwl/skON4iLHjSsI+c5H38=
github.com/gorilla/mux v1.7.0 h1:tOSd0UKHQd6urX6ApfOn4XdBMY6Sh1MfxV3kmaazO+U=
github.com/gorilla/mux v1.7.0/go.mod h1:1lud6UwP+6orDFRuTfBEV8e9/aOM/c4fVVCaMa2zaAs=
github.com/juju/loggo v0.0.0-20190212223446-d976af380377 h1:n6QjW3g5JNY3xPmIjFt6z1H6tFQA6BhwOC2bvTAm1YU=
github.com/juju/loggo v0.0.0-20190212223446-d976af380377/go.mod h1:vgyd7OREkbtVEN/8IXZe5Ooef3LQePvuBm9UWj6ZL8U=
github.com/pelletier/go-toml v1.2.0 h1:T5zMGML61Wp+FlcbWjRDT7yAxhJNAiPPLOFECq181zc=
github.com/pelletier/go-toml v1.2.0/go.mod h1:5z9KED0ma1S8pY6P1sdut58dfprrGBbd/94hg7ilaic=
github.com/pmezard/go-difflib v1.0.0 h1:4DBwDE0NGyQoBHbLQYPwSUPoCMWR5BEzIk/f1lZbAQM=
github.com/pmezard/go-difflib v1.0.0/go.mod h1:iKH77koFhYxTK1pcRnkKkqfTogsbg7gZNVY4sRDYZ/4=
github.com/stevenroose/gonfig v0.1.4 h1:oaMK7zCihVqlPIHXHNwDT9Hl/tH09RALGQ8TmUuYdl0=
github.com/stevenroose/gonfig v0.1.4/go.mod h1:JBkjIE8NdLbRNBowFCgK7wirNR0GHhnRhtdJgZMIylM=
github.com/stretchr/objx v0.1.0/go.mod h1:HFkY916IF+rwdDfMAkV7OtwuqBVzrE8GR6GFx+wExME=
github.com/stretchr/testify v1.3.0 h1:TivCn/peBQ7UY8ooIcPgZFpTNSz0Q2U6UrFlUfqbe0Q=
github.com/stretchr/testify v1.3.0/go.mod h1:M5WIy9Dh21IEIfnGCwXGc5bZfKNJtfHm1UVUgZn+9EI=
gitlab.milobella.com/milobella/ability-sdk-go v0.0.0-20181125104029-0eb4c71d3614 h1:Rp4k8ffQC4y9jXXSzP2smIHHw71g8dxWyK4JF+0ROxo=
gitlab.milobella.com/milobella/ability-sdk-go v0.0.0-20181125104029-0eb4c71d3614/go.mod h1:23A5VkhzbFQ67bMGG3izYZ9Gk+m4Gexn4f8Tb/3LRWo=
gitlab.milobella.com/milobella/oratio v0.0.0-20190317112031-f22897ac9b8f h1:Ez5sLkjG97e2Zezd7iJwaeqXMOA5Pd9F1xw2NMi9JUI=
gitlab.milobella.com/milobella/oratio v0.0.0-20190317112031-f22897ac9b8f/go.mod h1:PDz0Tu9K4hxwn1CXvOqiwWK8LK1r7S9SK6MzrB+tKZ8=
golang.org/x/sys v0.0.0-20190116161447-11f53e031339 h1:g/Jesu8+QLnA0CPzF3E1pURg0Byr7i6jLoX5sqjcAh0=
golang.org/x/sys v0.0.0-20190116161447-11f53e031339/go.mod h1:STP8DvDyc/dI5b8T5hshtkjS+E42TnysNCUPdjciGhY=
gopkg.in/check.v1 v0.0.0-20161208181325-20d25e280405 h1:yhCVgyC4o1eVCa2tZl7eS0r+SDo693bJlVdllGtEeKM=
gopkg.in/check.v1 v0.0.0-20161208181325-20d25e280405/go.mod h1:Co6ibVJAznAaIkqp8huTwlJQCZ016jof/cbN4VW5Yz0=
gopkg.in/yaml.v2 v2.2.2 h1:ZCJp+EgiOT7lHqUV2J862kp8Qj64Jo6az82+3Td9dZw=
gopkg.in/yaml.v2 v2.2.2/go.mod h1:hI93XBmqTisBFMUTm0b8Fm+jr3Dg1NNxqwp+5A1VGuI=
